
Microsoft Visual Studio Solution File, Format Version 12.00
# Visual Studio Version 17
VisualStudioVersion = 17.7.34202.233
MinimumVisualStudioVersion = 10.0.40219.1
Project("{FAE04EC0-301F-11D3-BF4B-00C04F79EFBC}") = "sinematik", "sinematik.csproj", "{5AA4DA16-78E1-4253-94FC-6706B8F0FACF}"
EndProject
Global
	GlobalSection(SolutionConfigurationPlatforms) = preSolution
		Debug|Any CPU = Debug|Any CPU
		Release|Any CPU = Release|Any CPU
	EndGlobalSection
	GlobalSection(ProjectConfigurationPlatforms) = postSolution
		{5AA4DA16-78E1-4253-94FC-6706B8F0FACF}.Debug|Any CPU.ActiveCfg = Debug|Any CPU
		{5AA4DA16-78E1-4253-94FC-6706B8F0FACF}.Debug|Any CPU.Build.0 = Debug|Any CPU
		{5AA4DA16-78E1-4253-94FC-6706B8F0FACF}.Release|Any CPU.ActiveCfg = Release|Any CPU
		{5AA4DA16-78E1-4253-94FC-6706B8F0FACF}.Release|Any CPU.Build.0 = Release|Any CPU
	EndGlobalSection
	GlobalSection(SolutionProperties) = preSolution
		HideSolutionNode = FALSE
	EndGlobalSection
	GlobalSection(ExtensibilityGlobals) = postSolution
		SolutionGuid = {96311024-8627-4EF7-82ED-60D11C1BFC7D}
	EndGlobalSection
EndGlobal
